{
    "version": 3,
    "terraform_version": "0.11.10",
    "serial": 2,
    "lineage": "931451b1-a4f5-c0cd-fbe0-c99935c6938f",
    "modules": [
        {
            "path": [
                "root"
            ],
            "outputs": {
                "instance_ids": {
                    "sensitive": false,
                    "type": "list",
                    "value": [
                        "i-00f6266b7a476a637",
                        "i-04f4f31ba19c8077c"
                    ]
                }
            },
            "resources": {},
            "depends_on": []
        },
        {
            "path": [
                "root",
                "bitcoin_node"
            ],
            "outputs": {
                "instance_ids": {
                    "sensitive": false,
                    "type": "list",
                    "value": [
                        "i-00f6266b7a476a637",
                        "i-04f4f31ba19c8077c"
                    ]
                },
                "security_group_id": {
                    "sensitive": false,
                    "type": "string",
                    "value": "sg-02cb7ca8825c9b052"
                }
            },
            "resources": {
                "data.template_file.setup_blockchain": {
                    "type": "template_file",
                    "depends_on": [],
                    "primary": {
                        "id": "9eeef7bd383b6b51d068b9ea3f10ce066f7f8912d60dc1b33d1ce07c50eb0dce",
                        "attributes": {
                            "id": "9eeef7bd383b6b51d068b9ea3f10ce066f7f8912d60dc1b33d1ce07c50eb0dce",
                            "rendered": "Content-Type: multipart/mixed; boundary=\"//\"\nMIME-Version: 1.0\n\n--//\nContent-Type: text/cloud-config; charset=\"us-ascii\"\nMIME-Version: 1.0\nContent-Transfer-Encoding: 7bit\nContent-Disposition: attachment; filename=\"cloud-config.txt\"\n\n#cloud-config\ncloud_final_modules:\n- [scripts-user, always]\n\n--//\nContent-Type: text/x-shellscript; charset=\"us-ascii\"\nMIME-Version: 1.0\nContent-Transfer-Encoding: 7bit\nContent-Disposition: attachment; filename=\"userdata.txt\"\n\n#!/bin/bash\nexec \u003e \u003e(tee /var/log/user-data.log|logger -t user-data -s 2\u003e/dev/console) 2\u003e\u00261\napt-get update -y\napt-add-repository -y ppa:bitcoin/bitcoin\napt-get -y update\napt-get -y install bitcoind\nmkdir -p \"/home/ubuntu/.bitcoin\"\necho \"\nrpcuser=user\nrpcpassword=pass\nrpcallowip=0.0.0.0/0\nrpcthreads=128\nserver=1\ntestnet=1 \"\u003e /home/ubuntu/.bitcoin/bitcoin.conf\nchown ubuntu -R \"/home/ubuntu/.bitcoin\"\nsudo -H -u ubuntu bash -c \"bitcoind -daemon -server\"\n--//\n",
                            "template": "Content-Type: multipart/mixed; boundary=\"//\"\nMIME-Version: 1.0\n\n--//\nContent-Type: text/cloud-config; charset=\"us-ascii\"\nMIME-Version: 1.0\nContent-Transfer-Encoding: 7bit\nContent-Disposition: attachment; filename=\"cloud-config.txt\"\n\n#cloud-config\ncloud_final_modules:\n- [scripts-user, always]\n\n--//\nContent-Type: text/x-shellscript; charset=\"us-ascii\"\nMIME-Version: 1.0\nContent-Transfer-Encoding: 7bit\nContent-Disposition: attachment; filename=\"userdata.txt\"\n\n#!/bin/bash\nexec \u003e \u003e(tee /var/log/user-data.log|logger -t user-data -s 2\u003e/dev/console) 2\u003e\u00261\napt-get update -y\napt-add-repository -y ppa:bitcoin/bitcoin\napt-get -y update\napt-get -y install bitcoind\nmkdir -p \"/home/ubuntu/.bitcoin\"\necho \"\nrpcuser=${user}\nrpcpassword=${pass}\nrpcallowip=0.0.0.0/0\nrpcthreads=128\nserver=1\ntestnet=${testnet_opt} \"\u003e /home/ubuntu/.bitcoin/bitcoin.conf\nchown ubuntu -R \"/home/ubuntu/.bitcoin\"\nsudo -H -u ubuntu bash -c \"bitcoind -daemon -server\"\n--//\n",
                            "vars.%": "3",
                            "vars.pass": "pass",
                            "vars.testnet_opt": "1",
                            "vars.user": "user"
                        },
                        "meta": {},
                        "tainted": false
                    },
                    "deposed": [],
                    "provider": "provider.template"
                }
            },
            "depends_on": []
        },
        {
            "path": [
                "root",
                "vpc"
            ],
            "outputs": {
                "database_route_table_ids": {
                    "sensitive": false,
                    "type": "list",
                    "value": [
                        "rtb-01e7c71fac41c8f83"
                    ]
                },
                "database_subnet_group": {
                    "sensitive": false,
                    "type": "string",
                    "value": ""
                },
                "database_subnets": {
                    "sensitive": false,
                    "type": "list",
                    "value": []
                },
                "database_subnets_cidr_blocks": {
                    "sensitive": false,
                    "type": "list",
                    "value": []
                },
                "default_network_acl_id": {
                    "sensitive": false,
                    "type": "string",
                    "value": "acl-06f558667ee7e9e0b"
                },
                "default_route_table_id": {
                    "sensitive": false,
                    "type": "string",
                    "value": "rtb-0045af9c9207f417f"
                },
                "default_security_group_id": {
                    "sensitive": false,
                    "type": "string",
                    "value": "sg-05f09a75c0e630728"
                },
                "default_vpc_cidr_block": {
                    "sensitive": false,
                    "type": "string",
                    "value": ""
                },
                "default_vpc_default_network_acl_id": {
                    "sensitive": false,
                    "type": "string",
                    "value": ""
                },
                "default_vpc_default_route_table_id": {
                    "sensitive": false,
                    "type": "string",
                    "value": ""
                },
                "default_vpc_default_security_group_id": {
                    "sensitive": false,
                    "type": "string",
                    "value": ""
                },
                "default_vpc_enable_dns_hostnames": {
                    "sensitive": false,
                    "type": "string",
                    "value": ""
                },
                "default_vpc_enable_dns_support": {
                    "sensitive": false,
                    "type": "string",
                    "value": ""
                },
                "default_vpc_id": {
                    "sensitive": false,
                    "type": "string",
                    "value": ""
                },
                "default_vpc_instance_tenancy": {
                    "sensitive": false,
                    "type": "string",
                    "value": ""
                },
                "default_vpc_main_route_table_id": {
                    "sensitive": false,
                    "type": "string",
                    "value": ""
                },
                "elasticache_route_table_ids": {
                    "sensitive": false,
                    "type": "list",
                    "value": [
                        "rtb-01e7c71fac41c8f83"
                    ]
                },
                "elasticache_subnet_group": {
                    "sensitive": false,
                    "type": "string",
                    "value": ""
                },
                "elasticache_subnet_group_name": {
                    "sensitive": false,
                    "type": "string",
                    "value": ""
                },
                "elasticache_subnets": {
                    "sensitive": false,
                    "type": "list",
                    "value": []
                },
                "elasticache_subnets_cidr_blocks": {
                    "sensitive": false,
                    "type": "list",
                    "value": []
                },
                "igw_id": {
                    "sensitive": false,
                    "type": "string",
                    "value": "igw-05205b92b32958aec"
                },
                "intra_route_table_ids": {
                    "sensitive": false,
                    "type": "list",
                    "value": []
                },
                "intra_subnets": {
                    "sensitive": false,
                    "type": "list",
                    "value": []
                },
                "intra_subnets_cidr_blocks": {
                    "sensitive": false,
                    "type": "list",
                    "value": []
                },
                "nat_ids": {
                    "sensitive": false,
                    "type": "list",
                    "value": [
                        "eipalloc-0f834733dcafbfe75"
                    ]
                },
                "nat_public_ips": {
                    "sensitive": false,
                    "type": "list",
                    "value": [
                        "54.177.41.98"
                    ]
                },
                "natgw_ids": {
                    "sensitive": false,
                    "type": "list",
                    "value": [
                        "nat-07f6f9a9ad31afcc0"
                    ]
                },
                "private_route_table_ids": {
                    "sensitive": false,
                    "type": "list",
                    "value": [
                        "rtb-01e7c71fac41c8f83"
                    ]
                },
                "private_subnets": {
                    "sensitive": false,
                    "type": "list",
                    "value": [
                        "subnet-0aa4a096e842bcac7",
                        "subnet-03bf6351358e0691b"
                    ]
                },
                "private_subnets_cidr_blocks": {
                    "sensitive": false,
                    "type": "list",
                    "value": [
                        "10.0.1.0/24",
                        "10.0.2.0/24"
                    ]
                },
                "public_route_table_ids": {
                    "sensitive": false,
                    "type": "list",
                    "value": [
                        "rtb-0b400950cb0518cb9"
                    ]
                },
                "public_subnets": {
                    "sensitive": false,
                    "type": "list",
                    "value": [
                        "subnet-069e24b0abe167c29",
                        "subnet-098e4e3d0535cb048"
                    ]
                },
                "public_subnets_cidr_blocks": {
                    "sensitive": false,
                    "type": "list",
                    "value": [
                        "10.0.101.0/24",
                        "10.0.102.0/24"
                    ]
                },
                "redshift_route_table_ids": {
                    "sensitive": false,
                    "type": "list",
                    "value": [
                        "rtb-01e7c71fac41c8f83"
                    ]
                },
                "redshift_subnet_group": {
                    "sensitive": false,
                    "type": "string",
                    "value": ""
                },
                "redshift_subnets": {
                    "sensitive": false,
                    "type": "list",
                    "value": []
                },
                "redshift_subnets_cidr_blocks": {
                    "sensitive": false,
                    "type": "list",
                    "value": []
                },
                "vgw_id": {
                    "sensitive": false,
                    "type": "string",
                    "value": ""
                },
                "vpc_cidr_block": {
                    "sensitive": false,
                    "type": "string",
                    "value": "10.0.0.0/16"
                },
                "vpc_enable_dns_hostnames": {
                    "sensitive": false,
                    "type": "string",
                    "value": "true"
                },
                "vpc_enable_dns_support": {
                    "sensitive": false,
                    "type": "string",
                    "value": "true"
                },
                "vpc_endpoint_dynamodb_id": {
                    "sensitive": false,
                    "type": "string",
                    "value": ""
                },
                "vpc_endpoint_dynamodb_pl_id": {
                    "sensitive": false,
                    "type": "string",
                    "value": ""
                },
                "vpc_endpoint_s3_id": {
                    "sensitive": false,
                    "type": "string",
                    "value": ""
                },
                "vpc_endpoint_s3_pl_id": {
                    "sensitive": false,
                    "type": "string",
                    "value": ""
                },
                "vpc_id": {
                    "sensitive": false,
                    "type": "string",
                    "value": "vpc-06414f382c3731fd8"
                },
                "vpc_instance_tenancy": {
                    "sensitive": false,
                    "type": "string",
                    "value": "default"
                },
                "vpc_main_route_table_id": {
                    "sensitive": false,
                    "type": "string",
                    "value": "rtb-0045af9c9207f417f"
                },
                "vpc_secondary_cidr_blocks": {
                    "sensitive": false,
                    "type": "list",
                    "value": []
                }
            },
            "resources": {
                "aws_eip.nat": {
                    "type": "aws_eip",
                    "depends_on": [
                        "local.nat_gateway_count"
                    ],
                    "primary": {
                        "id": "eipalloc-0f834733dcafbfe75",
                        "attributes": {
                            "association_id": "",
                            "domain": "vpc",
                            "id": "eipalloc-0f834733dcafbfe75",
                            "instance": "",
                            "network_interface": "",
                            "private_ip": "",
                            "public_ip": "54.177.41.98",
                            "tags.%": "2",
                            "tags.Environment": "testnet",
                            "tags.Name": "example-us-west-1a",
                            "vpc": "true"
                        },
                        "meta": {
                            "e2bfb730-ecaa-11e6-8f88-34363bc7c4c0": {
                                "delete": 180000000000,
                                "read": 900000000000,
                                "update": 300000000000
                            }
                        },
                        "tainted": false
                    },
                    "deposed": [],
                    "provider": "provider.aws"
                },
                "aws_internet_gateway.this": {
                    "type": "aws_internet_gateway",
                    "depends_on": [
                        "local.vpc_id"
                    ],
                    "primary": {
                        "id": "igw-05205b92b32958aec",
                        "attributes": {
                            "id": "igw-05205b92b32958aec",
                            "tags.%": "2",
                            "tags.Environment": "testnet",
                            "tags.Name": "example",
                            "vpc_id": "vpc-06414f382c3731fd8"
                        },
                        "meta": {},
                        "tainted": false
                    },
                    "deposed": [],
                    "provider": "provider.aws"
                },
                "aws_nat_gateway.this": {
                    "type": "aws_nat_gateway",
                    "depends_on": [
                        "aws_internet_gateway.this",
                        "aws_subnet.public.*",
                        "local.nat_gateway_count",
                        "local.nat_gateway_ips"
                    ],
                    "primary": {
                        "id": "nat-07f6f9a9ad31afcc0",
                        "attributes": {
                            "allocation_id": "eipalloc-0f834733dcafbfe75",
                            "id": "nat-07f6f9a9ad31afcc0",
                            "network_interface_id": "eni-09da4ca3b9f6f543a",
                            "private_ip": "10.0.101.171",
                            "public_ip": "54.177.41.98",
                            "subnet_id": "subnet-069e24b0abe167c29",
                            "tags.%": "2",
                            "tags.Environment": "testnet",
                            "tags.Name": "example-us-west-1a"
                        },
                        "meta": {},
                        "tainted": false
                    },
                    "deposed": [],
                    "provider": "provider.aws"
                },
                "aws_route.private_nat_gateway": {
                    "type": "aws_route",
                    "depends_on": [
                        "aws_nat_gateway.this.*",
                        "aws_route_table.private.*",
                        "local.nat_gateway_count"
                    ],
                    "primary": {
                        "id": "r-rtb-01e7c71fac41c8f831080289494",
                        "attributes": {
                            "destination_cidr_block": "0.0.0.0/0",
                            "destination_prefix_list_id": "",
                            "egress_only_gateway_id": "",
                            "gateway_id": "",
                            "id": "r-rtb-01e7c71fac41c8f831080289494",
                            "instance_id": "",
                            "instance_owner_id": "",
                            "nat_gateway_id": "nat-07f6f9a9ad31afcc0",
                            "network_interface_id": "",
                            "origin": "CreateRoute",
                            "route_table_id": "rtb-01e7c71fac41c8f83",
                            "state": "active",
                            "vpc_peering_connection_id": ""
                        },
                        "meta": {
                            "e2bfb730-ecaa-11e6-8f88-34363bc7c4c0": {
                                "create": 300000000000,
                                "delete": 300000000000
                            }
                        },
                        "tainted": false
                    },
                    "deposed": [],
                    "provider": "provider.aws"
                },
                "aws_route.public_internet_gateway": {
                    "type": "aws_route",
                    "depends_on": [
                        "aws_internet_gateway.this",
                        "aws_route_table.public"
                    ],
                    "primary": {
                        "id": "r-rtb-0b400950cb0518cb91080289494",
                        "attributes": {
                            "destination_cidr_block": "0.0.0.0/0",
                            "destination_prefix_list_id": "",
                            "egress_only_gateway_id": "",
                            "gateway_id": "igw-05205b92b32958aec",
                            "id": "r-rtb-0b400950cb0518cb91080289494",
                            "instance_id": "",
                            "instance_owner_id": "",
                            "nat_gateway_id": "",
                            "network_interface_id": "",
                            "origin": "CreateRoute",
                            "route_table_id": "rtb-0b400950cb0518cb9",
                            "state": "active",
                            "vpc_peering_connection_id": ""
                        },
                        "meta": {
                            "e2bfb730-ecaa-11e6-8f88-34363bc7c4c0": {
                                "create": 300000000000,
                                "delete": 300000000000
                            }
                        },
                        "tainted": false
                    },
                    "deposed": [],
                    "provider": "provider.aws"
                },
                "aws_route_table.private": {
                    "type": "aws_route_table",
                    "depends_on": [
                        "local.max_subnet_length",
                        "local.nat_gateway_count",
                        "local.vpc_id"
                    ],
                    "primary": {
                        "id": "rtb-01e7c71fac41c8f83",
                        "attributes": {
                            "id": "rtb-01e7c71fac41c8f83",
                            "propagating_vgws.#": "0",
                            "route.#": "0",
                            "tags.%": "2",
                            "tags.Environment": "testnet",
                            "tags.Name": "example-private",
                            "vpc_id": "vpc-06414f382c3731fd8"
                        },
                        "meta": {},
                        "tainted": false
                    },
                    "deposed": [],
                    "provider": "provider.aws"
                },
                "aws_route_table.public": {
                    "type": "aws_route_table",
                    "depends_on": [
                        "local.vpc_id"
                    ],
                    "primary": {
                        "id": "rtb-0b400950cb0518cb9",
                        "attributes": {
                            "id": "rtb-0b400950cb0518cb9",
                            "propagating_vgws.#": "0",
                            "route.#": "0",
                            "tags.%": "2",
                            "tags.Environment": "testnet",
                            "tags.Name": "example-public",
                            "vpc_id": "vpc-06414f382c3731fd8"
                        },
                        "meta": {},
                        "tainted": false
                    },
                    "deposed": [],
                    "provider": "provider.aws"
                },
                "aws_route_table_association.private.0": {
                    "type": "aws_route_table_association",
                    "depends_on": [
                        "aws_route_table.private.*",
                        "aws_subnet.private.*"
                    ],
                    "primary": {
                        "id": "rtbassoc-0e52e1a9987d76ee7",
                        "attributes": {
                            "id": "rtbassoc-0e52e1a9987d76ee7",
                            "route_table_id": "rtb-01e7c71fac41c8f83",
                            "subnet_id": "subnet-0aa4a096e842bcac7"
                        },
                        "meta": {},
                        "tainted": false
                    },
                    "deposed": [],
                    "provider": "provider.aws"
                },
                "aws_route_table_association.private.1": {
                    "type": "aws_route_table_association",
                    "depends_on": [
                        "aws_route_table.private.*",
                        "aws_subnet.private.*"
                    ],
                    "primary": {
                        "id": "rtbassoc-00259e643c6cdde87",
                        "attributes": {
                            "id": "rtbassoc-00259e643c6cdde87",
                            "route_table_id": "rtb-01e7c71fac41c8f83",
                            "subnet_id": "subnet-03bf6351358e0691b"
                        },
                        "meta": {},
                        "tainted": false
                    },
                    "deposed": [],
                    "provider": "provider.aws"
                },
                "aws_route_table_association.public.0": {
                    "type": "aws_route_table_association",
                    "depends_on": [
                        "aws_route_table.public",
                        "aws_subnet.public.*"
                    ],
                    "primary": {
                        "id": "rtbassoc-091a98f825ce32cee",
                        "attributes": {
                            "id": "rtbassoc-091a98f825ce32cee",
                            "route_table_id": "rtb-0b400950cb0518cb9",
                            "subnet_id": "subnet-069e24b0abe167c29"
                        },
                        "meta": {},
                        "tainted": false
                    },
                    "deposed": [],
                    "provider": "provider.aws"
                },
                "aws_route_table_association.public.1": {
                    "type": "aws_route_table_association",
                    "depends_on": [
                        "aws_route_table.public",
                        "aws_subnet.public.*"
                    ],
                    "primary": {
                        "id": "rtbassoc-01237a92bf586da39",
                        "attributes": {
                            "id": "rtbassoc-01237a92bf586da39",
                            "route_table_id": "rtb-0b400950cb0518cb9",
                            "subnet_id": "subnet-098e4e3d0535cb048"
                        },
                        "meta": {},
                        "tainted": false
                    },
                    "deposed": [],
                    "provider": "provider.aws"
                },
                "aws_subnet.private.0": {
                    "type": "aws_subnet",
                    "depends_on": [
                        "local.vpc_id"
                    ],
                    "primary": {
                        "id": "subnet-0aa4a096e842bcac7",
                        "attributes": {
                            "arn": "arn:aws:ec2:us-west-1:782837372039:subnet/subnet-0aa4a096e842bcac7",
                            "assign_ipv6_address_on_creation": "false",
                            "availability_zone": "us-west-1a",
                            "cidr_block": "10.0.1.0/24",
                            "id": "subnet-0aa4a096e842bcac7",
                            "map_public_ip_on_launch": "false",
                            "tags.%": "2",
                            "tags.Environment": "testnet",
                            "tags.Name": "example-testnet-priv",
                            "vpc_id": "vpc-06414f382c3731fd8"
                        },
                        "meta": {
                            "e2bfb730-ecaa-11e6-8f88-34363bc7c4c0": {
                                "create": 600000000000,
                                "delete": 600000000000
                            },
                            "schema_version": "1"
                        },
                        "tainted": false
                    },
                    "deposed": [],
                    "provider": "provider.aws"
                },
                "aws_subnet.private.1": {
                    "type": "aws_subnet",
                    "depends_on": [
                        "local.vpc_id"
                    ],
                    "primary": {
                        "id": "subnet-03bf6351358e0691b",
                        "attributes": {
                            "arn": "arn:aws:ec2:us-west-1:782837372039:subnet/subnet-03bf6351358e0691b",
                            "assign_ipv6_address_on_creation": "false",
                            "availability_zone": "us-west-1b",
                            "cidr_block": "10.0.2.0/24",
                            "id": "subnet-03bf6351358e0691b",
                            "map_public_ip_on_launch": "false",
                            "tags.%": "2",
                            "tags.Environment": "testnet",
                            "tags.Name": "example-testnet-priv",
                            "vpc_id": "vpc-06414f382c3731fd8"
                        },
                        "meta": {
                            "e2bfb730-ecaa-11e6-8f88-34363bc7c4c0": {
                                "create": 600000000000,
                                "delete": 600000000000
                            },
                            "schema_version": "1"
                        },
                        "tainted": false
                    },
                    "deposed": [],
                    "provider": "provider.aws"
                },
                "aws_subnet.public.0": {
                    "type": "aws_subnet",
                    "depends_on": [
                        "local.vpc_id"
                    ],
                    "primary": {
                        "id": "subnet-069e24b0abe167c29",
                        "attributes": {
                            "arn": "arn:aws:ec2:us-west-1:782837372039:subnet/subnet-069e24b0abe167c29",
                            "assign_ipv6_address_on_creation": "false",
                            "availability_zone": "us-west-1a",
                            "cidr_block": "10.0.101.0/24",
                            "id": "subnet-069e24b0abe167c29",
                            "map_public_ip_on_launch": "true",
                            "tags.%": "2",
                            "tags.Environment": "testnet",
                            "tags.Name": "example-testnet-pub",
                            "vpc_id": "vpc-06414f382c3731fd8"
                        },
                        "meta": {
                            "e2bfb730-ecaa-11e6-8f88-34363bc7c4c0": {
                                "create": 600000000000,
                                "delete": 600000000000
                            },
                            "schema_version": "1"
                        },
                        "tainted": false
                    },
                    "deposed": [],
                    "provider": "provider.aws"
                },
                "aws_subnet.public.1": {
                    "type": "aws_subnet",
                    "depends_on": [
                        "local.vpc_id"
                    ],
                    "primary": {
                        "id": "subnet-098e4e3d0535cb048",
                        "attributes": {
                            "arn": "arn:aws:ec2:us-west-1:782837372039:subnet/subnet-098e4e3d0535cb048",
                            "assign_ipv6_address_on_creation": "false",
                            "availability_zone": "us-west-1b",
                            "cidr_block": "10.0.102.0/24",
                            "id": "subnet-098e4e3d0535cb048",
                            "map_public_ip_on_launch": "true",
                            "tags.%": "2",
                            "tags.Environment": "testnet",
                            "tags.Name": "example-testnet-pub",
                            "vpc_id": "vpc-06414f382c3731fd8"
                        },
                        "meta": {
                            "e2bfb730-ecaa-11e6-8f88-34363bc7c4c0": {
                                "create": 600000000000,
                                "delete": 600000000000
                            },
                            "schema_version": "1"
                        },
                        "tainted": false
                    },
                    "deposed": [],
                    "provider": "provider.aws"
                },
                "aws_vpc.this": {
                    "type": "aws_vpc",
                    "depends_on": [],
                    "primary": {
                        "id": "vpc-06414f382c3731fd8",
                        "attributes": {
                            "arn": "arn:aws:ec2:us-west-1:782837372039:vpc/vpc-06414f382c3731fd8",
                            "assign_generated_ipv6_cidr_block": "false",
                            "cidr_block": "10.0.0.0/16",
                            "default_network_acl_id": "acl-06f558667ee7e9e0b",
                            "default_route_table_id": "rtb-0045af9c9207f417f",
                            "default_security_group_id": "sg-05f09a75c0e630728",
                            "dhcp_options_id": "dopt-7b6cb61c",
                            "enable_classiclink": "false",
                            "enable_classiclink_dns_support": "false",
                            "enable_dns_hostnames": "true",
                            "enable_dns_support": "true",
                            "id": "vpc-06414f382c3731fd8",
                            "instance_tenancy": "default",
                            "main_route_table_id": "rtb-0045af9c9207f417f",
                            "tags.%": "2",
                            "tags.Environment": "testnet",
                            "tags.Name": "example-testnet"
                        },
                        "meta": {
                            "schema_version": "1"
                        },
                        "tainted": false
                    },
                    "deposed": [],
                    "provider": "provider.aws"
                }
            },
            "depends_on": []
        },
        {
            "path": [
                "root",
                "bitcoin_node",
                "blockchain_ec2"
            ],
            "outputs": {
                "availability_zone": {
                    "sensitive": false,
                    "type": "list",
                    "value": [
                        "us-west-1a",
                        "us-west-1a"
                    ]
                },
                "credit_specification": {
                    "sensitive": false,
                    "type": "list",
                    "value": [
                        [
                            {
                                "cpu_credits": "standard"
                            }
                        ],
                        [
                            {
                                "cpu_credits": "standard"
                            }
                        ]
                    ]
                },
                "id": {
                    "sensitive": false,
                    "type": "list",
                    "value": [
                        "i-00f6266b7a476a637",
                        "i-04f4f31ba19c8077c"
                    ]
                },
                "key_name": {
                    "sensitive": false,
                    "type": "list",
                    "value": [
                        "Bitcoin",
                        "Bitcoin"
                    ]
                },
                "network_interface_id": {
                    "sensitive": false,
                    "type": "list",
                    "value": [
                        "eni-0bd1a82c645e36527",
                        "eni-021fb6db3148eb726"
                    ]
                },
                "primary_network_interface_id": {
                    "sensitive": false,
                    "type": "list",
                    "value": [
                        "eni-0bd1a82c645e36527",
                        "eni-021fb6db3148eb726"
                    ]
                },
                "private_dns": {
                    "sensitive": false,
                    "type": "list",
                    "value": [
                        "ip-10-0-101-143.us-west-1.compute.internal",
                        "ip-10-0-101-84.us-west-1.compute.internal"
                    ]
                },
                "private_ip": {
                    "sensitive": false,
                    "type": "list",
                    "value": [
                        "10.0.101.143",
                        "10.0.101.84"
                    ]
                },
                "public_dns": {
                    "sensitive": false,
                    "type": "list",
                    "value": [
                        "ec2-54-193-72-73.us-west-1.compute.amazonaws.com",
                        "ec2-54-153-51-19.us-west-1.compute.amazonaws.com"
                    ]
                },
                "public_ip": {
                    "sensitive": false,
                    "type": "list",
                    "value": [
                        "54.193.72.73",
                        "54.153.51.19"
                    ]
                },
                "security_groups": {
                    "sensitive": false,
                    "type": "list",
                    "value": []
                },
                "subnet_id": {
                    "sensitive": false,
                    "type": "list",
                    "value": [
                        "subnet-069e24b0abe167c29",
                        "subnet-069e24b0abe167c29"
                    ]
                },
                "tags": {
                    "sensitive": false,
                    "type": "list",
                    "value": [
                        {
                            "Name": "example-testnet-bitcoin-i-1"
                        },
                        {
                            "Name": "example-testnet-bitcoin-i-2"
                        }
                    ]
                },
                "vpc_security_group_ids": {
                    "sensitive": false,
                    "type": "list",
                    "value": [
                        "sg-02cb7ca8825c9b052",
                        "sg-0a0b72e72405b9cbc",
                        "sg-02cb7ca8825c9b052",
                        "sg-0a0b72e72405b9cbc"
                    ]
                }
            },
            "resources": {
                "aws_instance.this_t2.0": {
                    "type": "aws_instance",
                    "depends_on": [
                        "local.is_t_instance_type"
                    ],
                    "primary": {
                        "id": "i-00f6266b7a476a637",
                        "attributes": {
                            "ami": "ami-059e7901352ebaef8",
                            "arn": "arn:aws:ec2:us-west-1:782837372039:instance/i-00f6266b7a476a637",
                            "associate_public_ip_address": "true",
                            "availability_zone": "us-west-1a",
                            "cpu_core_count": "2",
                            "cpu_threads_per_core": "1",
                            "credit_specification.#": "1",
                            "credit_specification.0.cpu_credits": "standard",
                            "disable_api_termination": "false",
                            "ebs_block_device.#": "0",
                            "ebs_optimized": "false",
                            "ephemeral_block_device.#": "0",
                            "get_password_data": "false",
                            "iam_instance_profile": "",
                            "id": "i-00f6266b7a476a637",
                            "instance_state": "running",
                            "instance_type": "t2.medium",
                            "ipv6_address_count": "0",
                            "ipv6_addresses.#": "0",
                            "key_name": "Bitcoin",
                            "monitoring": "false",
                            "network_interface.#": "0",
                            "network_interface_id": "eni-0bd1a82c645e36527",
                            "password_data": "",
                            "placement_group": "",
                            "primary_network_interface_id": "eni-0bd1a82c645e36527",
                            "private_dns": "ip-10-0-101-143.us-west-1.compute.internal",
                            "private_ip": "10.0.101.143",
                            "public_dns": "ec2-54-193-72-73.us-west-1.compute.amazonaws.com",
                            "public_ip": "54.193.72.73",
                            "root_block_device.#": "1",
                            "root_block_device.0.delete_on_termination": "true",
                            "root_block_device.0.iops": "1500",
                            "root_block_device.0.volume_id": "vol-0dd5a0a989e91c3e6",
                            "root_block_device.0.volume_size": "500",
                            "root_block_device.0.volume_type": "gp2",
                            "security_groups.#": "0",
                            "source_dest_check": "true",
                            "subnet_id": "subnet-069e24b0abe167c29",
                            "tags.%": "1",
                            "tags.Name": "example-testnet-bitcoin-i-1",
                            "tenancy": "default",
                            "user_data": "385fd334b3afa75ded1e3a0d6bc630926350beae",
                            "volume_tags.%": "0",
                            "vpc_security_group_ids.#": "2",
                            "vpc_security_group_ids.189450339": "sg-02cb7ca8825c9b052",
                            "vpc_security_group_ids.2621312999": "sg-0a0b72e72405b9cbc"
                        },
                        "meta": {
                            "e2bfb730-ecaa-11e6-8f88-34363bc7c4c0": {
                                "create": 600000000000,
                                "delete": 1200000000000,
                                "update": 600000000000
                            },
                            "schema_version": "1"
                        },
                        "tainted": false
                    },
                    "deposed": [],
                    "provider": "provider.aws"
                },
                "aws_instance.this_t2.1": {
                    "type": "aws_instance",
                    "depends_on": [
                        "local.is_t_instance_type"
                    ],
                    "primary": {
                        "id": "i-04f4f31ba19c8077c",
                        "attributes": {
                            "ami": "ami-059e7901352ebaef8",
                            "arn": "arn:aws:ec2:us-west-1:782837372039:instance/i-04f4f31ba19c8077c",
                            "associate_public_ip_address": "true",
                            "availability_zone": "us-west-1a",
                            "cpu_core_count": "2",
                            "cpu_threads_per_core": "1",
                            "credit_specification.#": "1",
                            "credit_specification.0.cpu_credits": "standard",
                            "disable_api_termination": "false",
                            "ebs_block_device.#": "0",
                            "ebs_optimized": "false",
                            "ephemeral_block_device.#": "0",
                            "get_password_data": "false",
                            "iam_instance_profile": "",
                            "id": "i-04f4f31ba19c8077c",
                            "instance_state": "running",
                            "instance_type": "t2.medium",
                            "ipv6_address_count": "0",
                            "ipv6_addresses.#": "0",
                            "key_name": "Bitcoin",
                            "monitoring": "false",
                            "network_interface.#": "0",
                            "network_interface_id": "eni-021fb6db3148eb726",
                            "password_data": "",
                            "placement_group": "",
                            "primary_network_interface_id": "eni-021fb6db3148eb726",
                            "private_dns": "ip-10-0-101-84.us-west-1.compute.internal",
                            "private_ip": "10.0.101.84",
                            "public_dns": "ec2-54-153-51-19.us-west-1.compute.amazonaws.com",
                            "public_ip": "54.153.51.19",
                            "root_block_device.#": "1",
                            "root_block_device.0.delete_on_termination": "true",
                            "root_block_device.0.iops": "1500",
                            "root_block_device.0.volume_id": "vol-0fc134178e2983974",
                            "root_block_device.0.volume_size": "500",
                            "root_block_device.0.volume_type": "gp2",
                            "security_groups.#": "0",
                            "source_dest_check": "true",
                            "subnet_id": "subnet-069e24b0abe167c29",
                            "tags.%": "1",
                            "tags.Name": "example-testnet-bitcoin-i-2",
                            "tenancy": "default",
                            "user_data": "385fd334b3afa75ded1e3a0d6bc630926350beae",
                            "volume_tags.%": "0",
                            "vpc_security_group_ids.#": "2",
                            "vpc_security_group_ids.189450339": "sg-02cb7ca8825c9b052",
                            "vpc_security_group_ids.2621312999": "sg-0a0b72e72405b9cbc"
                        },
                        "meta": {
                            "e2bfb730-ecaa-11e6-8f88-34363bc7c4c0": {
                                "create": 600000000000,
                                "delete": 1200000000000,
                                "update": 600000000000
                            },
                            "schema_version": "1"
                        },
                        "tainted": false
                    },
                    "deposed": [],
                    "provider": "provider.aws"
                }
            },
            "depends_on": []
        },
        {
            "path": [
                "root",
                "bitcoin_node",
                "blockchain_sg"
            ],
            "outputs": {
                "this_security_group_description": {
                    "sensitive": false,
                    "type": "string",
                    "value": "Security group for bitcoin"
                },
                "this_security_group_id": {
                    "sensitive": false,
                    "type": "string",
                    "value": "sg-02cb7ca8825c9b052"
                },
                "this_security_group_name": {
                    "sensitive": false,
                    "type": "string",
                    "value": "example-testnet-bitcoin-sg-20181030053643395200000001"
                },
                "this_security_group_owner_id": {
                    "sensitive": false,
                    "type": "string",
                    "value": "782837372039"
                },
                "this_security_group_vpc_id": {
                    "sensitive": false,
                    "type": "string",
                    "value": "vpc-06414f382c3731fd8"
                }
            },
            "resources": {
                "aws_security_group.this_name_prefix": {
                    "type": "aws_security_group",
                    "depends_on": [],
                    "primary": {
                        "id": "sg-02cb7ca8825c9b052",
                        "attributes": {
                            "arn": "arn:aws:ec2:us-west-1:782837372039:security-group/sg-02cb7ca8825c9b052",
                            "description": "Security group for bitcoin",
                            "egress.#": "0",
                            "id": "sg-02cb7ca8825c9b052",
                            "ingress.#": "0",
                            "name": "example-testnet-bitcoin-sg-20181030053643395200000001",
                            "name_prefix": "example-testnet-bitcoin-sg-",
                            "owner_id": "782837372039",
                            "revoke_rules_on_delete": "false",
                            "tags.%": "1",
                            "tags.Name": "example-testnet-bitcoin-sg",
                            "vpc_id": "vpc-06414f382c3731fd8"
                        },
                        "meta": {
                            "e2bfb730-ecaa-11e6-8f88-34363bc7c4c0": {
                                "create": 600000000000,
                                "delete": 600000000000
                            },
                            "schema_version": "1"
                        },
                        "tainted": false
                    },
                    "deposed": [],
                    "provider": "provider.aws"
                },
                "aws_security_group_rule.egress_rules": {
                    "type": "aws_security_group_rule",
                    "depends_on": [
                        "local.this_sg_id"
                    ],
                    "primary": {
                        "id": "sgrule-3888918931",
                        "attributes": {
                            "cidr_blocks.#": "1",
                            "cidr_blocks.0": "0.0.0.0/0",
                            "description": "All protocols",
                            "from_port": "-1",
                            "id": "sgrule-3888918931",
                            "ipv6_cidr_blocks.#": "1",
                            "ipv6_cidr_blocks.0": "::/0",
                            "protocol": "-1",
                            "security_group_id": "sg-02cb7ca8825c9b052",
                            "self": "false",
                            "to_port": "-1",
                            "type": "egress"
                        },
                        "meta": {
                            "schema_version": "2"
                        },
                        "tainted": false
                    },
                    "deposed": [],
                    "provider": "provider.aws"
                },
                "aws_security_group_rule.ingress_with_cidr_blocks": {
                    "type": "aws_security_group_rule",
                    "depends_on": [
                        "local.this_sg_id"
                    ],
                    "primary": {
                        "id": "sgrule-171562728",
                        "attributes": {
                            "cidr_blocks.#": "1",
                            "cidr_blocks.0": "10.0.0.0/16",
                            "description": "bitcoin ingress ports",
                            "from_port": "18332",
                            "id": "sgrule-171562728",
                            "protocol": "tcp",
                            "security_group_id": "sg-02cb7ca8825c9b052",
                            "self": "false",
                            "to_port": "18332",
                            "type": "ingress"
                        },
                        "meta": {
                            "schema_version": "2"
                        },
                        "tainted": false
                    },
                    "deposed": [],
                    "provider": "provider.aws"
                }
            },
            "depends_on": []
        },
        {
            "path": [
                "root",
                "bitcoin_node",
                "ssh_blockchain_sg"
            ],
            "outputs": {
                "this_security_group_description": {
                    "sensitive": false,
                    "type": "string",
                    "value": "SSH Security group for bitcoin"
                },
                "this_security_group_id": {
                    "sensitive": false,
                    "type": "string",
                    "value": "sg-0a0b72e72405b9cbc"
                },
                "this_security_group_name": {
                    "sensitive": false,
                    "type": "string",
                    "value": "example-testnet-bitcoin-ssh-sg-20181030053643395800000002"
                },
                "this_security_group_owner_id": {
                    "sensitive": false,
                    "type": "string",
                    "value": "782837372039"
                },
                "this_security_group_vpc_id": {
                    "sensitive": false,
                    "type": "string",
                    "value": "vpc-06414f382c3731fd8"
                }
            },
            "resources": {
                "aws_security_group.this_name_prefix": {
                    "type": "aws_security_group",
                    "depends_on": [],
                    "primary": {
                        "id": "sg-0a0b72e72405b9cbc",
                        "attributes": {
                            "arn": "arn:aws:ec2:us-west-1:782837372039:security-group/sg-0a0b72e72405b9cbc",
                            "description": "SSH Security group for bitcoin",
                            "egress.#": "0",
                            "id": "sg-0a0b72e72405b9cbc",
                            "ingress.#": "0",
                            "name": "example-testnet-bitcoin-ssh-sg-20181030053643395800000002",
                            "name_prefix": "example-testnet-bitcoin-ssh-sg-",
                            "owner_id": "782837372039",
                            "revoke_rules_on_delete": "false",
                            "tags.%": "1",
                            "tags.Name": "example-testnet-bitcoin-ssh-sg",
                            "vpc_id": "vpc-06414f382c3731fd8"
                        },
                        "meta": {
                            "e2bfb730-ecaa-11e6-8f88-34363bc7c4c0": {
                                "create": 600000000000,
                                "delete": 600000000000
                            },
                            "schema_version": "1"
                        },
                        "tainted": false
                    },
                    "deposed": [],
                    "provider": "provider.aws"
                },
                "aws_security_group_rule.ingress_rules": {
                    "type": "aws_security_group_rule",
                    "depends_on": [
                        "local.this_sg_id"
                    ],
                    "primary": {
                        "id": "sgrule-1774366119",
                        "attributes": {
                            "cidr_blocks.#": "1",
                            "cidr_blocks.0": "0.0.0.0/0",
                            "description": "SSH",
                            "from_port": "22",
                            "id": "sgrule-1774366119",
                            "protocol": "tcp",
                            "security_group_id": "sg-0a0b72e72405b9cbc",
                            "self": "false",
                            "to_port": "22",
                            "type": "ingress"
                        },
                        "meta": {
                            "schema_version": "2"
                        },
                        "tainted": false
                    },
                    "deposed": [],
                    "provider": "provider.aws"
                }
            },
            "depends_on": []
        }
    ]
}
